// !$*UTF8*$!
{
	archiveVersion = 1;
	classes = {
	};
	objectVersion = 55;
	objects = {

/* Begin PBXBuildFile section */
		573A69BC2851E05A00CCC6EB /* BorderedViewModifier.swift in Sources */ = {isa = PBXBuildFile; fileRef = 573A69BB2851E05A00CCC6EB /* BorderedViewModifier.swift */; };
		57785D7C285098A1002AF3CE /* Profile.swift in Sources */ = {isa = PBXBuildFile; fileRef = 57785D7B285098A1002AF3CE /* Profile.swift */; };
		57785D7E285098AB002AF3CE /* Settings.swift in Sources */ = {isa = PBXBuildFile; fileRef = 57785D7D285098AB002AF3CE /* Settings.swift */; };
		57785D80285098B4002AF3CE /* UserManager.swift in Sources */ = {isa = PBXBuildFile; fileRef = 57785D7F285098B4002AF3CE /* UserManager.swift */; };
		57785D84285099FE002AF3CE /* WelcomeBackgroundImage.swift in Sources */ = {isa = PBXBuildFile; fileRef = 57785D83285099FE002AF3CE /* WelcomeBackgroundImage.swift */; };
		57785D8628509AA2002AF3CE /* LogoImage.swift in Sources */ = {isa = PBXBuildFile; fileRef = 57785D8528509AA2002AF3CE /* LogoImage.swift */; };
		57785D8828509B82002AF3CE /* WelcomeMessageView.swift in Sources */ = {isa = PBXBuildFile; fileRef = 57785D8728509B82002AF3CE /* WelcomeMessageView.swift */; };
		57785D8A28509D81002AF3CE /* RegisterView.swift in Sources */ = {isa = PBXBuildFile; fileRef = 57785D8928509D81002AF3CE /* RegisterView.swift */; };
		579D4DFC284BC70C008E3B12 /* FlashCardApp.swift in Sources */ = {isa = PBXBuildFile; fileRef = 579D4DFB284BC70C008E3B12 /* FlashCardApp.swift */; };
		579D4E00284BC70D008E3B12 /* Assets.xcassets in Resources */ = {isa = PBXBuildFile; fileRef = 579D4DFF284BC70D008E3B12 /* Assets.xcassets */; };
		579D4E03284BC70D008E3B12 /* Preview Assets.xcassets in Resources */ = {isa = PBXBuildFile; fileRef = 579D4E02284BC70D008E3B12 /* Preview Assets.xcassets */; };
		579D4E0C284BE45B008E3B12 /* WelcomeView.swift in Sources */ = {isa = PBXBuildFile; fileRef = 579D4E0B284BE45B008E3B12 /* WelcomeView.swift */; };
		57F3D5D9284E7F69001E4A68 /* HorizontallyAlignedLabelStyle.swift in Sources */ = {isa = PBXBuildFile; fileRef = 57F3D5D8284E7F69001E4A68 /* HorizontallyAlignedLabelStyle.swift */; };
		57FD7C9A2854F0D700806C52 /* ChallengeView.swift in Sources */ = {isa = PBXBuildFile; fileRef = 57FD7C992854F0D700806C52 /* ChallengeView.swift */; };
		57FD7C9C2854F13000806C52 /* ChallengesViewModel.swift in Sources */ = {isa = PBXBuildFile; fileRef = 57FD7C9B2854F13000806C52 /* ChallengesViewModel.swift */; };
		57FD7C9E2854F15A00806C52 /* ChoicesRow.swift in Sources */ = {isa = PBXBuildFile; fileRef = 57FD7C9D2854F15A00806C52 /* ChoicesRow.swift */; };
		57FD7CA02854F17900806C52 /* ChoicesView.swift in Sources */ = {isa = PBXBuildFile; fileRef = 57FD7C9F2854F17900806C52 /* ChoicesView.swift */; };
		57FD7CA22854F19B00806C52 /* CongratulationsView.swift in Sources */ = {isa = PBXBuildFile; fileRef = 57FD7CA12854F19B00806C52 /* CongratulationsView.swift */; };
		57FD7CA42854F1B900806C52 /* PracticeView.swift in Sources */ = {isa = PBXBuildFile; fileRef = 57FD7CA32854F1B900806C52 /* PracticeView.swift */; };
		57FD7CA62854F1D400806C52 /* QuestionView.swift in Sources */ = {isa = PBXBuildFile; fileRef = 57FD7CA52854F1D400806C52 /* QuestionView.swift */; };
		57FD7CA82854F1F900806C52 /* StarterView.swift in Sources */ = {isa = PBXBuildFile; fileRef = 57FD7CA72854F1F900806C52 /* StarterView.swift */; };
		57FD7CAA2854F21C00806C52 /* HistoryView.swift in Sources */ = {isa = PBXBuildFile; fileRef = 57FD7CA92854F21C00806C52 /* HistoryView.swift */; };
/* End PBXBuildFile section */

/* Begin PBXFileReference section */
		573A69BB2851E05A00CCC6EB /* BorderedViewModifier.swift */ = {isa = PBXFileReference; lastKnownFileType = sourcecode.swift; path = BorderedViewModifier.swift; sourceTree = "<group>"; };
		57785D7B285098A1002AF3CE /* Profile.swift */ = {isa = PBXFileReference; lastKnownFileType = sourcecode.swift; path = Profile.swift; sourceTree = "<group>"; };
		57785D7D285098AB002AF3CE /* Settings.swift */ = {isa = PBXFileReference; lastKnownFileType = sourcecode.swift; path = Settings.swift; sourceTree = "<group>"; };
		57785D7F285098B4002AF3CE /* UserManager.swift */ = {isa = PBXFileReference; lastKnownFileType = sourcecode.swift; path = UserManager.swift; sourceTree = "<group>"; };
		57785D83285099FE002AF3CE /* WelcomeBackgroundImage.swift */ = {isa = PBXFileReference; lastKnownFileType = sourcecode.swift; path = WelcomeBackgroundImage.swift; sourceTree = "<group>"; };
		57785D8528509AA2002AF3CE /* LogoImage.swift */ = {isa = PBXFileReference; lastKnownFileType = sourcecode.swift; path = LogoImage.swift; sourceTree = "<group>"; };
		57785D8728509B82002AF3CE /* WelcomeMessageView.swift */ = {isa = PBXFileReference; lastKnownFileType = sourcecode.swift; path = WelcomeMessageView.swift; sourceTree = "<group>"; };
		57785D8928509D81002AF3CE /* RegisterView.swift */ = {isa = PBXFileReference; lastKnownFileType = sourcecode.swift; path = RegisterView.swift; sourceTree = "<group>"; };
		579D4DF8284BC70C008E3B12 /* FlashCard.app */ = {isa = PBXFileReference; explicitFileType = wrapper.application; includeInIndex = 0; path = FlashCard.app; sourceTree = BUILT_PRODUCTS_DIR; };
		579D4DFB284BC70C008E3B12 /* FlashCardApp.swift */ = {isa = PBXFileReference; lastKnownFileType = sourcecode.swift; path = FlashCardApp.swift; sourceTree = "<group>"; };
		579D4DFF284BC70D008E3B12 /* Assets.xcassets */ = {isa = PBXFileReference; lastKnownFileType = folder.assetcatalog; path = Assets.xcassets; sourceTree = "<group>"; };
		579D4E02284BC70D008E3B12 /* Preview Assets.xcassets */ = {isa = PBXFileReference; lastKnownFileType = folder.assetcatalog; path = "Preview Assets.xcassets"; sourceTree = "<group>"; };
		579D4E0B284BE45B008E3B12 /* WelcomeView.swift */ = {isa = PBXFileReference; lastKnownFileType = sourcecode.swift; path = WelcomeView.swift; sourceTree = "<group>"; };
		57F3D5D8284E7F69001E4A68 /* HorizontallyAlignedLabelStyle.swift */ = {isa = PBXFileReference; lastKnownFileType = sourcecode.swift; path = HorizontallyAlignedLabelStyle.swift; sourceTree = "<group>"; };
		57FD7C992854F0D700806C52 /* ChallengeView.swift */ = {isa = PBXFileReference; lastKnownFileType = sourcecode.swift; path = ChallengeView.swift; sourceTree = "<group>"; };
		57FD7C9B2854F13000806C52 /* ChallengesViewModel.swift */ = {isa = PBXFileReference; lastKnownFileType = sourcecode.swift; path = ChallengesViewModel.swift; sourceTree = "<group>"; };
		57FD7C9D2854F15A00806C52 /* ChoicesRow.swift */ = {isa = PBXFileReference; lastKnownFileType = sourcecode.swift; path = ChoicesRow.swift; sourceTree = "<group>"; };
		57FD7C9F2854F17900806C52 /* ChoicesView.swift */ = {isa = PBXFileReference; lastKnownFileType = sourcecode.swift; path = ChoicesView.swift; sourceTree = "<group>"; };
		57FD7CA12854F19B00806C52 /* CongratulationsView.swift */ = {isa = PBXFileReference; lastKnownFileType = sourcecode.swift; path = CongratulationsView.swift; sourceTree = "<group>"; };
		57FD7CA32854F1B900806C52 /* PracticeView.swift */ = {isa = PBXFileReference; lastKnownFileType = sourcecode.swift; path = PracticeView.swift; sourceTree = "<group>"; };
		57FD7CA52854F1D400806C52 /* QuestionView.swift */ = {isa = PBXFileReference; lastKnownFileType = sourcecode.swift; path = QuestionView.swift; sourceTree = "<group>"; };
		57FD7CA72854F1F900806C52 /* StarterView.swift */ = {isa = PBXFileReference; lastKnownFileType = sourcecode.swift; path = StarterView.swift; sourceTree = "<group>"; };
		57FD7CA92854F21C00806C52 /* HistoryView.swift */ = {isa = PBXFileReference; lastKnownFileType = sourcecode.swift; path = HistoryView.swift; sourceTree = "<group>"; };
/* End PBXFileReference section */

/* Begin PBXFrameworksBuildPhase section */
		579D4DF5284BC70C008E3B12 /* Frameworks */ = {
			isa = PBXFrameworksBuildPhase;
			buildActionMask = 2147483647;
			files = (
			);
			runOnlyForDeploymentPostprocessing = 0;
		};
/* End PBXFrameworksBuildPhase section */

/* Begin PBXGroup section */
		57785D7428509858002AF3CE /* Shared */ = {
			isa = PBXGroup;
			children = (
				57785D8128509991002AF3CE /* Profile */,
			);
			path = Shared;
			sourceTree = "<group>";
		};
		57785D8128509991002AF3CE /* Profile */ = {
			isa = PBXGroup;
			children = (
				57785D7B285098A1002AF3CE /* Profile.swift */,
				57785D7D285098AB002AF3CE /* Settings.swift */,
				57785D7F285098B4002AF3CE /* UserManager.swift */,
			);
			path = Profile;
			sourceTree = "<group>";
		};
		57785D82285099DF002AF3CE /* Components */ = {
			isa = PBXGroup;
			children = (
				57785D83285099FE002AF3CE /* WelcomeBackgroundImage.swift */,
				57785D8528509AA2002AF3CE /* LogoImage.swift */,
				57785D8728509B82002AF3CE /* WelcomeMessageView.swift */,
				573A69BB2851E05A00CCC6EB /* BorderedViewModifier.swift */,
			);
			path = Components;
			sourceTree = "<group>";
		};
		579D4DEF284BC70C008E3B12 = {
			isa = PBXGroup;
			children = (
				579D4DFA284BC70C008E3B12 /* FlashCard */,
				579D4DF9284BC70C008E3B12 /* Products */,
			);
			sourceTree = "<group>";
		};
		579D4DF9284BC70C008E3B12 /* Products */ = {
			isa = PBXGroup;
			children = (
				579D4DF8284BC70C008E3B12 /* FlashCard.app */,
			);
			name = Products;
			sourceTree = "<group>";
		};
		579D4DFA284BC70C008E3B12 /* FlashCard */ = {
			isa = PBXGroup;
			children = (
				57FD7C982854F0C600806C52 /* Practice */,
				57785D7428509858002AF3CE /* Shared */,
				579D4E0A284BE40F008E3B12 /* Welcome */,
				579D4E09284BE3ED008E3B12 /* Resources */,
				579D4DFB284BC70C008E3B12 /* FlashCardApp.swift */,
				57FD7CA72854F1F900806C52 /* StarterView.swift */,
				57FD7CA92854F21C00806C52 /* HistoryView.swift */,
				579D4E01284BC70D008E3B12 /* Preview Content */,
			);
			path = FlashCard;
			sourceTree = "<group>";
		};
		579D4E01284BC70D008E3B12 /* Preview Content */ = {
			isa = PBXGroup;
			children = (
				579D4E02284BC70D008E3B12 /* Preview Assets.xcassets */,
			);
			path = "Preview Content";
			sourceTree = "<group>";
		};
		579D4E09284BE3ED008E3B12 /* Resources */ = {
			isa = PBXGroup;
			children = (
				579D4DFF284BC70D008E3B12 /* Assets.xcassets */,
			);
			path = Resources;
			sourceTree = "<group>";
		};
		579D4E0A284BE40F008E3B12 /* Welcome */ = {
			isa = PBXGroup;
			children = (
				57785D82285099DF002AF3CE /* Components */,
				579D4E0B284BE45B008E3B12 /* WelcomeView.swift */,
				57F3D5D8284E7F69001E4A68 /* HorizontallyAlignedLabelStyle.swift */,
				57785D8928509D81002AF3CE /* RegisterView.swift */,
			);
			path = Welcome;
			sourceTree = "<group>";
		};
		57FD7C982854F0C600806C52 /* Practice */ = {
			isa = PBXGroup;
			children = (
				57FD7C992854F0D700806C52 /* ChallengeView.swift */,
				57FD7C9B2854F13000806C52 /* ChallengesViewModel.swift */,
				57FD7C9D2854F15A00806C52 /* ChoicesRow.swift */,
				57FD7C9F2854F17900806C52 /* ChoicesView.swift */,
				57FD7CA12854F19B00806C52 /* CongratulationsView.swift */,
				57FD7CA32854F1B900806C52 /* PracticeView.swift */,
				57FD7CA52854F1D400806C52 /* QuestionView.swift */,
			);
			path = Practice;
			sourceTree = "<group>";
		};
/* End PBXGroup section */

/* Begin PBXNativeTarget section */
		579D4DF7284BC70C008E3B12 /* FlashCard */ = {
			isa = PBXNativeTarget;
			buildConfigurationList = 579D4E06284BC70D008E3B12 /* Build configuration list for PBXNativeTarget "FlashCard" */;
			buildPhases = (
				579D4DF4284BC70C008E3B12 /* Sources */,
				579D4DF5284BC70C008E3B12 /* Frameworks */,
				579D4DF6284BC70C008E3B12 /* Resources */,
			);
			buildRules = (
			);
			dependencies = (
			);
			name = FlashCard;
			productName = FlashCard;
			productReference = 579D4DF8284BC70C008E3B12 /* FlashCard.app */;
			productType = "com.apple.product-type.application";
		};
/* End PBXNativeTarget section */

/* Begin PBXProject section */
		579D4DF0284BC70C008E3B12 /* Project object */ = {
			isa = PBXProject;
			attributes = {
				BuildIndependentTargetsInParallel = 1;
				LastSwiftUpdateCheck = 1330;
				LastUpgradeCheck = 1330;
				TargetAttributes = {
					579D4DF7284BC70C008E3B12 = {
						CreatedOnToolsVersion = 13.3.1;
					};
				};
			};
			buildConfigurationList = 579D4DF3284BC70C008E3B12 /* Build configuration list for PBXProject "FlashCard" */;
			compatibilityVersion = "Xcode 13.0";
			developmentRegion = en;
			hasScannedForEncodings = 0;
			knownRegions = (
				en,
				Base,
			);
			mainGroup = 579D4DEF284BC70C008E3B12;
			productRefGroup = 579D4DF9284BC70C008E3B12 /* Products */;
			projectDirPath = "";
			projectRoot = "";
			targets = (
				579D4DF7284BC70C008E3B12 /* FlashCard */,
			);
		};
/* End PBXProject section */

/* Begin PBXResourcesBuildPhase section */
		579D4DF6284BC70C008E3B12 /* Resources */ = {
			isa = PBXResourcesBuildPhase;
			buildActionMask = 2147483647;
			files = (
				579D4E03284BC70D008E3B12 /* Preview Assets.xcassets in Resources */,
				579D4E00284BC70D008E3B12 /* Assets.xcassets in Resources */,
			);
			runOnlyForDeploymentPostprocessing = 0;
		};
/* End PBXResourcesBuildPhase section */

/* Begin PBXSourcesBuildPhase section */
		579D4DF4284BC70C008E3B12 /* Sources */ = {
			isa = PBXSourcesBuildPhase;
			buildActionMask = 2147483647;
			files = (
				57FD7CA82854F1F900806C52 /* StarterView.swift in Sources */,
				57785D8A28509D81002AF3CE /* RegisterView.swift in Sources */,
				57FD7C9E2854F15A00806C52 /* ChoicesRow.swift in Sources */,
				57785D7E285098AB002AF3CE /* Settings.swift in Sources */,
				57FD7CA42854F1B900806C52 /* PracticeView.swift in Sources */,
				573A69BC2851E05A00CCC6EB /* BorderedViewModifier.swift in Sources */,
				57FD7CA02854F17900806C52 /* ChoicesView.swift in Sources */,
				57785D80285098B4002AF3CE /* UserManager.swift in Sources */,
				57785D8828509B82002AF3CE /* WelcomeMessageView.swift in Sources */,
				57785D8628509AA2002AF3CE /* LogoImage.swift in Sources */,
				57785D7C285098A1002AF3CE /* Profile.swift in Sources */,
				579D4E0C284BE45B008E3B12 /* WelcomeView.swift in Sources */,
				57FD7C9A2854F0D700806C52 /* ChallengeView.swift in Sources */,
				57F3D5D9284E7F69001E4A68 /* HorizontallyAlignedLabelStyle.swift in Sources */,
				57FD7CA22854F19B00806C52 /* CongratulationsView.swift in Sources */,
				57FD7C9C2854F13000806C52 /* ChallengesViewModel.swift in Sources */,
				57785D84285099FE002AF3CE /* WelcomeBackgroundImage.swift in Sources */,
				57FD7CAA2854F21C00806C52 /* HistoryView.swift in Sources */,
				57FD7CA62854F1D400806C52 /* QuestionView.swift in Sources */,
				579D4DFC284BC70C008E3B12 /* FlashCardApp.swift in Sources */,
			);
			runOnlyForDeploymentPostprocessing = 0;
		};
/* End PBXSourcesBuildPhase section */

/* Begin XCBuildConfiguration section */
		579D4E04284BC70D008E3B12 /* Debug */ = {
			isa = XCBuildConfiguration;
			buildSettings = {
				ALWAYS_SEARCH_USER_PATHS = NO;
				CLANG_ANALYZER_NONNULL = YES;
				CLANG_ANALYZER_NUMBER_OBJECT_CONVERSION = YES_AGGRESSIVE;
				CLANG_CXX_LANGUAGE_STANDARD = "gnu++17";
				CLANG_ENABLE_MODULES = YES;
				CLANG_ENABLE_OBJC_ARC = YES;
				CLANG_ENABLE_OBJC_WEAK = YES;
				CLANG_WARN_BLOCK_CAPTURE_AUTORELEASING = YES;
				CLANG_WARN_BOOL_CONVERSION = YES;
				CLANG_WARN_COMMA = YES;
				CLANG_WARN_CONSTANT_CONVERSION = YES;
				CLANG_WARN_DEPRECATED_OBJC_IMPLEMENTATIONS = YES;
				CLANG_WARN_DIRECT_OBJC_ISA_USAGE = YES_ERROR;
				CLANG_WARN_DOCUMENTATION_COMMENTS = YES;
				CLANG_WARN_EMPTY_BODY = YES;
				CLANG_WARN_ENUM_CONVERSION = YES;
				CLANG_WARN_INFINITE_RECURSION = YES;
				CLANG_WARN_INT_CONVERSION = YES;
				CLANG_WARN_NON_LITERAL_NULL_CONVERSION = YES;
				CLANG_WARN_OBJC_IMPLICIT_RETAIN_SELF = YES;
				CLANG_WARN_OBJC_LITERAL_CONVERSION = YES;
				CLANG_WARN_OBJC_ROOT_CLASS = YES_ERROR;
				CLANG_WARN_QUOTED_INCLUDE_IN_FRAMEWORK_HEADER = YES;
				CLANG_WARN_RANGE_LOOP_ANALYSIS = YES;
				CLANG_WARN_STRICT_PROTOTYPES = YES;
				CLANG_WARN_SUSPICIOUS_MOVE = YES;
				CLANG_WARN_UNGUARDED_AVAILABILITY = YES_AGGRESSIVE;
				CLANG_WARN_UNREACHABLE_CODE = YES;
				CLANG_WARN__DUPLICATE_METHOD_MATCH = YES;
				COPY_PHASE_STRIP = NO;
				DEBUG_INFORMATION_FORMAT = dwarf;
				ENABLE_STRICT_OBJC_MSGSEND = YES;
				ENABLE_TESTABILITY = YES;
				GCC_C_LANGUAGE_STANDARD = gnu11;
				GCC_DYNAMIC_NO_PIC = NO;
				GCC_NO_COMMON_BLOCKS = YES;
				GCC_OPTIMIZATION_LEVEL = 0;
				GCC_PREPROCESSOR_DEFINITIONS = (
					"DEBUG=1",
					"$(inherited)",
				);
				GCC_WARN_64_TO_32_BIT_CONVERSION = YES;
				GCC_WARN_ABOUT_RETURN_TYPE = YES_ERROR;
				GCC_WARN_UNDECLARED_SELECTOR = YES;
				GCC_WARN_UNINITIALIZED_AUTOS = YES_AGGRESSIVE;
				GCC_WARN_UNUSED_FUNCTION = YES;
				GCC_WARN_UNUSED_VARIABLE = YES;
				IPHONEOS_DEPLOYMENT_TARGET = 15.4;
				MTL_ENABLE_DEBUG_INFO = INCLUDE_SOURCE;
				MTL_FAST_MATH = YES;
				ONLY_ACTIVE_ARCH = YES;
				SDKROOT = iphoneos;
				SWIFT_ACTIVE_COMPILATION_CONDITIONS = DEBUG;
				SWIFT_OPTIMIZATION_LEVEL = "-Onone";
			};
			name = Debug;
		};
		579D4E05284BC70D008E3B12 /* Release */ = {
			isa = XCBuildConfiguration;
			buildSettings = {
				ALWAYS_SEARCH_USER_PATHS = NO;
				CLANG_ANALYZER_NONNULL = YES;
				CLANG_ANALYZER_NUMBER_OBJECT_CONVERSION = YES_AGGRESSIVE;
				CLANG_CXX_LANGUAGE_STANDARD = "gnu++17";
				CLANG_ENABLE_MODULES = YES;
				CLANG_ENABLE_OBJC_ARC = YES;
				CLANG_ENABLE_OBJC_WEAK = YES;
				CLANG_WARN_BLOCK_CAPTURE_AUTORELEASING = YES;
				CLANG_WARN_BOOL_CONVERSION = YES;
				CLANG_WARN_COMMA = YES;
				CLANG_WARN_CONSTANT_CONVERSION = YES;
				CLANG_WARN_DEPRECATED_OBJC_IMPLEMENTATIONS = YES;
				CLANG_WARN_DIRECT_OBJC_ISA_USAGE = YES_ERROR;
				CLANG_WARN_DOCUMENTATION_COMMENTS = YES;
				CLANG_WARN_EMPTY_BODY = YES;
				CLANG_WARN_ENUM_CONVERSION = YES;
				CLANG_WARN_INFINITE_RECURSION = YES;
				CLANG_WARN_INT_CONVERSION = YES;
				CLANG_WARN_NON_LITERAL_NULL_CONVERSION = YES;
				CLANG_WARN_OBJC_IMPLICIT_RETAIN_SELF = YES;
				CLANG_WARN_OBJC_LITERAL_CONVERSION = YES;
				CLANG_WARN_OBJC_ROOT_CLASS = YES_ERROR;
				CLANG_WARN_QUOTED_INCLUDE_IN_FRAMEWORK_HEADER = YES;
				CLANG_WARN_RANGE_LOOP_ANALYSIS = YES;
				CLANG_WARN_STRICT_PROTOTYPES = YES;
				CLANG_WARN_SUSPICIOUS_MOVE = YES;
				CLANG_WARN_UNGUARDED_AVAILABILITY = YES_AGGRESSIVE;
				CLANG_WARN_UNREACHABLE_CODE = YES;
				CLANG_WARN__DUPLICATE_METHOD_MATCH = YES;
				COPY_PHASE_STRIP = NO;
				DEBUG_INFORMATION_FORMAT = "dwarf-with-dsym";
				ENABLE_NS_ASSERTIONS = NO;
				ENABLE_STRICT_OBJC_MSGSEND = YES;
				GCC_C_LANGUAGE_STANDARD = gnu11;
				GCC_NO_COMMON_BLOCKS = YES;
				GCC_WARN_64_TO_32_BIT_CONVERSION = YES;
				GCC_WARN_ABOUT_RETURN_TYPE = YES_ERROR;
				GCC_WARN_UNDECLARED_SELECTOR = YES;
				GCC_WARN_UNINITIALIZED_AUTOS = YES_AGGRESSIVE;
				GCC_WARN_UNUSED_FUNCTION = YES;
				GCC_WARN_UNUSED_VARIABLE = YES;
				IPHONEOS_DEPLOYMENT_TARGET = 15.4;
				MTL_ENABLE_DEBUG_INFO = NO;
				MTL_FAST_MATH = YES;
				SDKROOT = iphoneos;
				SWIFT_COMPILATION_MODE = wholemodule;
				SWIFT_OPTIMIZATION_LEVEL = "-O";
				VALIDATE_PRODUCT = YES;
			};
			name = Release;
		};
		579D4E07284BC70D008E3B12 /* Debug */ = {
			isa = XCBuildConfiguration;
			buildSettings = {
				ASSETCATALOG_COMPILER_APPICON_NAME = AppIcon;
				ASSETCATALOG_COMPILER_GLOBAL_ACCENT_COLOR_NAME = AccentColor;
				CODE_SIGN_STYLE = Automatic;
				CURRENT_PROJECT_VERSION = 1;
				DEVELOPMENT_ASSET_PATHS = "\"FlashCard/Preview Content\"";
				DEVELOPMENT_TEAM = MY8XJ3F9R5;
				ENABLE_PREVIEWS = YES;
				GENERATE_INFOPLIST_FILE = YES;
				INFOPLIST_KEY_UIApplicationSceneManifest_Generation = YES;
				INFOPLIST_KEY_UIApplicationSupportsIndirectInputEvents = YES;
				INFOPLIST_KEY_UILaunchScreen_Generation = YES;
				INFOPLIST_KEY_UISupportedInterfaceOrientations_iPad = "UIInterfaceOrientationPortrait UIInterfaceOrientationPortraitUpsideDown UIInterfaceOrientationLandscapeLeft UIInterfaceOrientationLandscapeRight";
				INFOPLIST_KEY_UISupportedInterfaceOrientations_iPhone = "UIInterfaceOrientationPortrait UIInterfaceOrientationLandscapeLeft UIInterfaceOrientationLandscapeRight";
				LD_RUNPATH_SEARCH_PATHS = (
					"$(inherited)",
					"@executable_path/Frameworks",
				);
				MARKETING_VERSION = 1.0;
				PRODUCT_BUNDLE_IDENTIFIER = com.asyncamisu.FlashCard;
				PRODUCT_NAME = "$(TARGET_NAME)";
				SWIFT_EMIT_LOC_STRINGS = YES;
				SWIFT_VERSION = 5.0;
				TARGETED_DEVICE_FAMILY = "1,2";
			};
			name = Debug;
		};
		579D4E08284BC70D008E3B12 /* Release */ = {
			isa = XCBuildConfiguration;
			buildSettings = {
				ASSETCATALOG_COMPILER_APPICON_NAME = AppIcon;
				ASSETCATALOG_COMPILER_GLOBAL_ACCENT_COLOR_NAME = AccentColor;
				CODE_SIGN_STYLE = Automatic;
				CURRENT_PROJECT_VERSION = 1;
				DEVELOPMENT_ASSET_PATHS = "\"FlashCard/Preview Content\"";
				DEVELOPMENT_TEAM = MY8XJ3F9R5;
				ENABLE_PREVIEWS = YES;
				GENERATE_INFOPLIST_FILE = YES;
				INFOPLIST_KEY_UIApplicationSceneManifest_Generation = YES;
				INFOPLIST_KEY_UIApplicationSupportsIndirectInputEvents = YES;
				INFOPLIST_KEY_UILaunchScreen_Generation = YES;
				INFOPLIST_KEY_UISupportedInterfaceOrientations_iPad = "UIInterfaceOrientationPortrait UIInterfaceOrientationPortraitUpsideDown UIInterfaceOrientationLandscapeLeft UIInterfaceOrientationLandscapeRight";
				INFOPLIST_KEY_UISupportedInterfaceOrientations_iPhone = "UIInterfaceOrientationPortrait UIInterfaceOrientationLandscapeLeft UIInterfaceOrientationLandscapeRight";
				LD_RUNPATH_SEARCH_PATHS = (
					"$(inherited)",
					"@executable_path/Frameworks",
				);
				MARKETING_VERSION = 1.0;
				PRODUCT_BUNDLE_IDENTIFIER = com.asyncamisu.FlashCard;
				PRODUCT_NAME = "$(TARGET_NAME)";
				SWIFT_EMIT_LOC_STRINGS = YES;
				SWIFT_VERSION = 5.0;
				TARGETED_DEVICE_FAMILY = "1,2";
			};
			name = Release;
		};
/* End XCBuildConfiguration section */

/* Begin XCConfigurationList section */
		579D4DF3284BC70C008E3B12 /* Build configuration list for PBXProject "FlashCard" */ = {
			isa = XCConfigurationList;
			buildConfigurations = (
				579D4E04284BC70D008E3B12 /* Debug */,
				579D4E05284BC70D008E3B12 /* Release */,
			);
			defaultConfigurationIsVisible = 0;
			defaultConfigurationName = Release;
		};
		579D4E06284BC70D008E3B12 /* Build configuration list for PBXNativeTarget "FlashCard" */ = {
			isa = XCConfigurationList;
			buildConfigurations = (
				579D4E07284BC70D008E3B12 /* Debug */,
				579D4E08284BC70D008E3B12 /* Release */,
			);
			defaultConfigurationIsVisible = 0;
			defaultConfigurationName = Release;
		};
/* End XCConfigurationList section */
	};
	rootObject = 579D4DF0284BC70C008E3B12 /* Project object */;
}
